
Microsoft Visual Studio Solution File, Format Version 12.00
# Visual Studio 15
VisualStudioVersion = 15.0.28307.329
MinimumVisualStudioVersion = 10.0.40219.1
Project("{FAE04EC0-301F-11D3-BF4B-00C04F79EFBC}") = "ElasticsearchExample", "ElasticsearchExample\ElasticsearchExample.csproj", "{A07146BA-A521-460A-81D1-A338209E6651}"
EndProject
Global
	GlobalSection(SolutionConfigurationPlatforms) = preSolution
		Debug|Any CPU = Debug|Any CPU
		Release|Any CPU = Release|Any CPU
	EndGlobalSection
	GlobalSection(ProjectConfigurationPlatforms) = postSolution
		{A07146BA-A521-460A-81D1-A338209E6651}.Debug|Any CPU.ActiveCfg = Debug|Any CPU
		{A07146BA-A521-460A-81D1-A338209E6651}.Debug|Any CPU.Build.0 = Debug|Any CPU
		{A07146BA-A521-460A-81D1-A338209E6651}.Release|Any CPU.ActiveCfg = Release|Any CPU
		{A07146BA-A521-460A-81D1-A338209E6651}.Release|Any CPU.Build.0 = Release|Any CPU
	EndGlobalSection
	GlobalSection(SolutionProperties) = preSolution
		HideSolutionNode = FALSE
	EndGlobalSection
	GlobalSection(ExtensibilityGlobals) = postSolution
		SolutionGuid = {1819F490-1AC7-4AA8-8AC4-B3161ECD04B3}
	EndGlobalSection
EndGlobal
